
Microsoft Visual Studio Solution File, Format Version 12.00
# Visual Studio Version 16
VisualStudioVersion = 16.0.31129.286
MinimumVisualStudioVersion = 10.0.40219.1
Project("{FAE04EC0-301F-11D3-BF4B-00C04F79EFBC}") = "taskactivity4_API_1", "taskactivity4_API_1\taskactivity4_API_1.csproj", "{577A2A11-C1A4-4418-9C3B-06A588929659}"
EndProject
Global
	GlobalSection(SolutionConfigurationPlatforms) = preSolution
		Debug|Any CPU = Debug|Any CPU
		Release|Any CPU = Release|Any CPU
	EndGlobalSection
	GlobalSection(ProjectConfigurationPlatforms) = postSolution
		{577A2A11-C1A4-4418-9C3B-06A588929659}.Debug|Any CPU.ActiveCfg = Debug|Any CPU
		{577A2A11-C1A4-4418-9C3B-06A588929659}.Debug|Any CPU.Build.0 = Debug|Any CPU
		{577A2A11-C1A4-4418-9C3B-06A588929659}.Release|Any CPU.ActiveCfg = Release|Any CPU
		{577A2A11-C1A4-4418-9C3B-06A588929659}.Release|Any CPU.Build.0 = Release|Any CPU
	EndGlobalSection
	GlobalSection(SolutionProperties) = preSolution
		HideSolutionNode = FALSE
	EndGlobalSection
	GlobalSection(ExtensibilityGlobals) = postSolution
		SolutionGuid = {9E2E5E1B-0CA1-4739-A0F6-F90F729143C8}
	EndGlobalSection
EndGlobal
